# THIS IS AN AUTOGENERATED FILE. DO NOT EDIT THIS FILE DIRECTLY.
# yarn lockfile v1


global.css@^1.1.0:
  version "1.1.0"
  resolved "https://registry.yarnpkg.com/global.css/-/global.css-1.1.0.tgz#7529933809f854e8b2c79716ce0dcab04c423287"
  integrity sha512-bIP4n49d/Zz1czFDnCXdLwLsKO+G5jUhrlx5NGkrdpa9ugFn6ho4nqXRDWfkOeXDx8y+C/NfmBDCfvFxjQcY8A==

jquery@^3.5.1:
  version "3.5.1"
  resolved "https://registry.yarnpkg.com/jquery/-/jquery-3.5.1.tgz#d7b4d08e1bfdb86ad2f1a3d039ea17304717abb5"
  integrity sha512-XwIBPqcMn57FxfT+Go5pzySnm4KWkT1Tv7gjrpT1srtf8Weynl6R273VJ5GjkRb51IzMp5nbaPjJXMWeju2MKg==

reset.css@^2.0.2:
  version "2.0.2"
  resolved "https://registry.yarnpkg.com/reset.css/-/reset.css-2.0.2.tgz#9c01309c820b72e8f219ebcc8e1411949604f7d7"
  integrity sha1-nAEwnIILcujyGevMjhQRlJYE99c=
